Microsoft Visual Studio Solution File, Format Version 12.00
# Visual Studio 15
VisualStudioVersion = 15.0.27130.2027
MinimumVisualStudioVersion = 10.0.40219.1
Project("{9A19103F-16F7-4668-BE54-9A1E7A4F7556}") = "GenericHost", "GenericHost\GenericHost.csproj", "{244FBD9C-1AC1-4769-A549-5E753014D731}"
EndProject
Project("{9A19103F-16F7-4668-BE54-9A1E7A4F7556}") = "GenericHost.Tests", "GenericHost.Tests\GenericHost.Tests.csproj", "{4EEFBF73-277E-40D6-872F-ADFF3ACF71CA}"
EndProject
Project("{9A19103F-16F7-4668-BE54-9A1E7A4F7556}") = "GenericHost.Sample", "GenericHost.Sample\GenericHost.Sample.csproj", "{CC7F6ECB-5A42-4522-AF9A-E110C4482043}"
EndProject
Global
	GlobalSection(SolutionConfigurationPlatforms) = preSolution
		Debug|Any CPU = Debug|Any CPU
		Debug|x64 = Debug|x64
		Debug|x86 = Debug|x86
		Release|Any CPU = Release|Any CPU
		Release|x64 = Release|x64
		Release|x86 = Release|x86
	EndGlobalSection
	GlobalSection(ProjectConfigurationPlatforms) = postSolution
		{244FBD9C-1AC1-4769-A549-5E753014D731}.Debug|Any CPU.ActiveCfg = Debug|Any CPU
		{244FBD9C-1AC1-4769-A549-5E753014D731}.Debug|Any CPU.Build.0 = Debug|Any CPU
		{244FBD9C-1AC1-4769-A549-5E753014D731}.Debug|x64.ActiveCfg = Debug|Any CPU
		{244FBD9C-1AC1-4769-A549-5E753014D731}.Debug|x64.Build.0 = Debug|Any CPU
		{244FBD9C-1AC1-4769-A549-5E753014D731}.Debug|x86.ActiveCfg = Debug|Any CPU
		{244FBD9C-1AC1-4769-A549-5E753014D731}.Debug|x86.Build.0 = Debug|Any CPU
		{244FBD9C-1AC1-4769-A549-5E753014D731}.Release|Any CPU.ActiveCfg = Debug|Any CPU
		{244FBD9C-1AC1-4769-A549-5E753014D731}.Release|Any CPU.Build.0 = Debug|Any CPU
		{244FBD9C-1AC1-4769-A549-5E753014D731}.Release|x64.ActiveCfg = Release|Any CPU
		{244FBD9C-1AC1-4769-A549-5E753014D731}.Release|x64.Build.0 = Release|Any CPU
		{244FBD9C-1AC1-4769-A549-5E753014D731}.Release|x86.ActiveCfg = Release|Any CPU
		{244FBD9C-1AC1-4769-A549-5E753014D731}.Release|x86.Build.0 = Release|Any CPU
		{4EEFBF73-277E-40D6-872F-ADFF3ACF71CA}.Debug|Any CPU.ActiveCfg = Debug|Any CPU
		{4EEFBF73-277E-40D6-872F-ADFF3ACF71CA}.Debug|Any CPU.Build.0 = Debug|Any CPU
		{4EEFBF73-277E-40D6-872F-ADFF3ACF71CA}.Debug|x64.ActiveCfg = Debug|Any CPU
		{4EEFBF73-277E-40D6-872F-ADFF3ACF71CA}.Debug|x64.Build.0 = Debug|Any CPU
		{4EEFBF73-277E-40D6-872F-ADFF3ACF71CA}.Debug|x86.ActiveCfg = Debug|Any CPU
		{4EEFBF73-277E-40D6-872F-ADFF3ACF71CA}.Debug|x86.Build.0 = Debug|Any CPU
		{4EEFBF73-277E-40D6-872F-ADFF3ACF71CA}.Release|Any CPU.ActiveCfg = Debug|Any CPU
		{4EEFBF73-277E-40D6-872F-ADFF3ACF71CA}.Release|Any CPU.Build.0 = Debug|Any CPU
		{4EEFBF73-277E-40D6-872F-ADFF3ACF71CA}.Release|x64.ActiveCfg = Release|Any CPU
		{4EEFBF73-277E-40D6-872F-ADFF3ACF71CA}.Release|x64.Build.0 = Release|Any CPU
		{4EEFBF73-277E-40D6-872F-ADFF3ACF71CA}.Release|x86.ActiveCfg = Release|Any CPU
		{4EEFBF73-277E-40D6-872F-ADFF3ACF71CA}.Release|x86.Build.0 = Release|Any CPU
		{CC7F6ECB-5A42-4522-AF9A-E110C4482043}.Debug|Any CPU.ActiveCfg = Debug|Any CPU
		{CC7F6ECB-5A42-4522-AF9A-E110C4482043}.Debug|Any CPU.Build.0 = Debug|Any CPU
		{CC7F6ECB-5A42-4522-AF9A-E110C4482043}.Debug|x64.ActiveCfg = Debug|Any CPU
		{CC7F6ECB-5A42-4522-AF9A-E110C4482043}.Debug|x64.Build.0 = Debug|Any CPU
		{CC7F6ECB-5A42-4522-AF9A-E110C4482043}.Debug|x86.ActiveCfg = Debug|Any CPU
		{CC7F6ECB-5A42-4522-AF9A-E110C4482043}.Debug|x86.Build.0 = Debug|Any CPU
		{CC7F6ECB-5A42-4522-AF9A-E110C4482043}.Release|Any CPU.ActiveCfg = Release|Any CPU
		{CC7F6ECB-5A42-4522-AF9A-E110C4482043}.Release|Any CPU.Build.0 = Release|Any CPU
		{CC7F6ECB-5A42-4522-AF9A-E110C4482043}.Release|x64.ActiveCfg = Release|Any CPU
		{CC7F6ECB-5A42-4522-AF9A-E110C4482043}.Release|x64.Build.0 = Release|Any CPU
		{CC7F6ECB-5A42-4522-AF9A-E110C4482043}.Release|x86.ActiveCfg = Release|Any CPU
		{CC7F6ECB-5A42-4522-AF9A-E110C4482043}.Release|x86.Build.0 = Release|Any CPU
	EndGlobalSection
	GlobalSection(SolutionProperties) = preSolution
		HideSolutionNode = FALSE
	EndGlobalSection
	GlobalSection(ExtensibilityGlobals) = postSolution
		SolutionGuid = {6519AA7A-DDB1-4DFD-9EC9-570B8C63E25E}
	EndGlobalSection
EndGlobal
